// !$*UTF8*$!
{
	archiveVersion = 1;
	classes = {
	};
	objectVersion = 50;
	objects = {

/* Begin PBXBuildFile section */
		3746A80721304A9F00B07BE2 /* Lancamento.swift in Sources */ = {isa = PBXBuildFile; fileRef = 3746A80621304A9F00B07BE2 /* Lancamento.swift */; };
		3746A80921304BBD00B07BE2 /* LancamentoTableViewCell.swift in Sources */ = {isa = PBXBuildFile; fileRef = 3746A80821304BBD00B07BE2 /* LancamentoTableViewCell.swift */; };
		37580C04212E02B50012B3F5 /* HomeViewController.swift in Sources */ = {isa = PBXBuildFile; fileRef = 37580C03212E02B50012B3F5 /* HomeViewController.swift */; };
		37580C06212EDDAF0012B3F5 /* ContasPageViewController.swift in Sources */ = {isa = PBXBuildFile; fileRef = 37580C05212EDDAF0012B3F5 /* ContasPageViewController.swift */; };
		37580C08212F32F40012B3F5 /* CadastrosViewController.swift in Sources */ = {isa = PBXBuildFile; fileRef = 37580C07212F32F40012B3F5 /* CadastrosViewController.swift */; };
		37580C0F212F52790012B3F5 /* LancamentoViewController.swift in Sources */ = {isa = PBXBuildFile; fileRef = 37580C0E212F52790012B3F5 /* LancamentoViewController.swift */; };
		37580C16212F69F10012B3F5 /* iCarousel.m in Sources */ = {isa = PBXBuildFile; fileRef = 37580C14212F69F10012B3F5 /* iCarousel.m */; };
		37580C19212F6A450012B3F5 /* QuartzCore.framework in Frameworks */ = {isa = PBXBuildFile; fileRef = 37580C18212F6A450012B3F5 /* QuartzCore.framework */; };
		3764BFD721406AB500C1B513 /* AnoMes.swift in Sources */ = {isa = PBXBuildFile; fileRef = 3764BFD621406AB500C1B513 /* AnoMes.swift */; };
		3764BFDA214160FF00C1B513 /* CategoriaSelectViewController.swift in Sources */ = {isa = PBXBuildFile; fileRef = 3764BFD9214160FF00C1B513 /* CategoriaSelectViewController.swift */; };
		3764BFDC214162DC00C1B513 /* CategoriaService.swift in Sources */ = {isa = PBXBuildFile; fileRef = 3764BFDB214162DC00C1B513 /* CategoriaService.swift */; };
		3764BFDE2141660500C1B513 /* CategoriaSelectTableViewCell.swift in Sources */ = {isa = PBXBuildFile; fileRef = 3764BFDD2141660500C1B513 /* CategoriaSelectTableViewCell.swift */; };
		3764BFE221419F8200C1B513 /* ContaSelectTableViewCell.swift in Sources */ = {isa = PBXBuildFile; fileRef = 3764BFE121419F8200C1B513 /* ContaSelectTableViewCell.swift */; };
		3764BFE421419F9200C1B513 /* ContaSelectTableViewController.swift in Sources */ = {isa = PBXBuildFile; fileRef = 3764BFE321419F9200C1B513 /* ContaSelectTableViewController.swift */; };
		3764BFE62141A41900C1B513 /* Conta.swift in Sources */ = {isa = PBXBuildFile; fileRef = 3764BFE52141A41900C1B513 /* Conta.swift */; };
		3764BFEA2141AB8B00C1B513 /* ContaService.swift in Sources */ = {isa = PBXBuildFile; fileRef = 3764BFE92141AB8B00C1B513 /* ContaService.swift */; };
		3783C97321185FD100F55736 /* AppDelegate.swift in Sources */ = {isa = PBXBuildFile; fileRef = 3783C97221185FD100F55736 /* AppDelegate.swift */; };
		3783C97521185FD100F55736 /* ViewController.swift in Sources */ = {isa = PBXBuildFile; fileRef = 3783C97421185FD100F55736 /* ViewController.swift */; };
		3783C97821185FD100F55736 /* Main.storyboard in Resources */ = {isa = PBXBuildFile; fileRef = 3783C97621185FD100F55736 /* Main.storyboard */; };
		3783C97A21185FD300F55736 /* Assets.xcassets in Resources */ = {isa = PBXBuildFile; fileRef = 3783C97921185FD300F55736 /* Assets.xcassets */; };
		3783C97D21185FD300F55736 /* LaunchScreen.storyboard in Resources */ = {isa = PBXBuildFile; fileRef = 3783C97B21185FD300F55736 /* LaunchScreen.storyboard */; };
		3783C98821185FD300F55736 /* em3anosTests.swift in Sources */ = {isa = PBXBuildFile; fileRef = 3783C98721185FD300F55736 /* em3anosTests.swift */; };
		3783C996211880E100F55736 /* Usuario.swift in Sources */ = {isa = PBXBuildFile; fileRef = 3783C995211880E100F55736 /* Usuario.swift */; };
		3783C99821189DE300F55736 /* SaldoConta.swift in Sources */ = {isa = PBXBuildFile; fileRef = 3783C99721189DE300F55736 /* SaldoConta.swift */; };
		3783C99A2118C34F00F55736 /* SaldoTableViewCell.swift in Sources */ = {isa = PBXBuildFile; fileRef = 3783C9992118C34F00F55736 /* SaldoTableViewCell.swift */; };
		3783C99C2118C6A000F55736 /* SaldoContaTableViewController.swift in Sources */ = {isa = PBXBuildFile; fileRef = 3783C99B2118C6A000F55736 /* SaldoContaTableViewController.swift */; };
		37B52511211CD21600F55FDD /* Switcher.swift in Sources */ = {isa = PBXBuildFile; fileRef = 37B52510211CD21600F55FDD /* Switcher.swift */; };
		37BD974B212C46AC00CF17D0 /* CartaoTableViewController.swift in Sources */ = {isa = PBXBuildFile; fileRef = 37BD974A212C46AC00CF17D0 /* CartaoTableViewController.swift */; };
		37BD974D212C497600CF17D0 /* CartaoTableViewCell.swift in Sources */ = {isa = PBXBuildFile; fileRef = 37BD974C212C497600CF17D0 /* CartaoTableViewCell.swift */; };
		37BD9753212C5BA600CF17D0 /* CartaoFormViewController.swift in Sources */ = {isa = PBXBuildFile; fileRef = 37BD9752212C5BA600CF17D0 /* CartaoFormViewController.swift */; };
		37BD975B212D908000CF17D0 /* CurrencyTextField.swift in Sources */ = {isa = PBXBuildFile; fileRef = 37BD975A212D908000CF17D0 /* CurrencyTextField.swift */; };
		37C652A22119CD7800229533 /* logo.png in Resources */ = {isa = PBXBuildFile; fileRef = 37C652A12119CD7800229533 /* logo.png */; };
		37C652A62119E7B000229533 /* ContaTableViewCell.swift in Sources */ = {isa = PBXBuildFile; fileRef = 37C652A52119E7B000229533 /* ContaTableViewCell.swift */; };
		37C652A82119E8F900229533 /* ContaTableViewController.swift in Sources */ = {isa = PBXBuildFile; fileRef = 37C652A72119E8F900229533 /* ContaTableViewController.swift */; };
		37C652AC211A033F00229533 /* CategoriaTableViewCell.swift in Sources */ = {isa = PBXBuildFile; fileRef = 37C652AB211A033F00229533 /* CategoriaTableViewCell.swift */; };
		37C652AE211A035600229533 /* CategoriaTableViewController.swift in Sources */ = {isa = PBXBuildFile; fileRef = 37C652AD211A035600229533 /* CategoriaTableViewController.swift */; };
		37C652B0211A036600229533 /* Categoria.swift in Sources */ = {isa = PBXBuildFile; fileRef = 37C652AF211A036600229533 /* Categoria.swift */; };
		37CE0294211A52A100063EFD /* LoginViewController.swift in Sources */ = {isa = PBXBuildFile; fileRef = 37CE0293211A52A100063EFD /* LoginViewController.swift */; };
		37DE74A9211DE04100963AE1 /* LogoutViewController.swift in Sources */ = {isa = PBXBuildFile; fileRef = 37DE74A8211DE04100963AE1 /* LogoutViewController.swift */; };
		37DE74B02122191B00963AE1 /* ContaFormViewController.swift in Sources */ = {isa = PBXBuildFile; fileRef = 37DE74AF2122191B00963AE1 /* ContaFormViewController.swift */; };
		37E3FD29213D989200251BA9 /* LancamentoValorFormViewController.swift in Sources */ = {isa = PBXBuildFile; fileRef = 37E3FD28213D989200251BA9 /* LancamentoValorFormViewController.swift */; };
		37EDEE9321382353001FAAEB /* SecurityService.swift in Sources */ = {isa = PBXBuildFile; fileRef = 37EDEE9221382353001FAAEB /* SecurityService.swift */; };
		37EDEE952138250A001FAAEB /* HttpService.swift in Sources */ = {isa = PBXBuildFile; fileRef = 37EDEE942138250A001FAAEB /* HttpService.swift */; };
		37EDEE9B213837B0001FAAEB /* HttpDeleteService.swift in Sources */ = {isa = PBXBuildFile; fileRef = 37EDEE9A213837B0001FAAEB /* HttpDeleteService.swift */; };
		37EDEEA021383B65001FAAEB /* HttpGetService.swift in Sources */ = {isa = PBXBuildFile; fileRef = 37EDEE9F21383B65001FAAEB /* HttpGetService.swift */; };
		37EDEEA6213864F9001FAAEB /* LancamentoService.swift in Sources */ = {isa = PBXBuildFile; fileRef = 37EDEEA5213864F9001FAAEB /* LancamentoService.swift */; };
		37EDEEAA213895C5001FAAEB /* SaldoContaService.swift in Sources */ = {isa = PBXBuildFile; fileRef = 37EDEEA9213895C5001FAAEB /* SaldoContaService.swift */; };
		37EDEEAC21389727001FAAEB /* PainelSaldoViewController.swift in Sources */ = {isa = PBXBuildFile; fileRef = 37EDEEAB21389727001FAAEB /* PainelSaldoViewController.swift */; };
		37F579DE2139A9C400850743 /* OrcamentoService.swift in Sources */ = {isa = PBXBuildFile; fileRef = 37F579DD2139A9C400850743 /* OrcamentoService.swift */; };
		37F579E02139A9EF00850743 /* OrcadoReal.swift in Sources */ = {isa = PBXBuildFile; fileRef = 37F579DF2139A9EF00850743 /* OrcadoReal.swift */; };
		37FC191421309AF700209039 /* MonitorOrcamentoViewController.swift in Sources */ = {isa = PBXBuildFile; fileRef = 37FC191321309AF700209039 /* MonitorOrcamentoViewController.swift */; };
		37FC191621309B9B00209039 /* MonitorOrcamentoTableViewCell.swift in Sources */ = {isa = PBXBuildFile; fileRef = 37FC191521309B9B00209039 /* MonitorOrcamentoTableViewCell.swift */; };
		37FC19182134A81200209039 /* LancamentoFormViewController.swift in Sources */ = {isa = PBXBuildFile; fileRef = 37FC19172134A81200209039 /* LancamentoFormViewController.swift */; };
		37FC191D2135E4DB00209039 /* HttpPostService.swift in Sources */ = {isa = PBXBuildFile; fileRef = 37FC191C2135E4DB00209039 /* HttpPostService.swift */; };
		37FC191F2135EC1900209039 /* DTO.swift in Sources */ = {isa = PBXBuildFile; fileRef = 37FC191E2135EC1900209039 /* DTO.swift */; };
/* End PBXBuildFile section */

/* Begin PBXContainerItemProxy section */
		3783C98421185FD300F55736 /* PBXContainerItemProxy */ = {
			isa = PBXContainerItemProxy;
			containerPortal = 3783C96721185FD100F55736 /* Project object */;
			proxyType = 1;
			remoteGlobalIDString = 3783C96E21185FD100F55736;
			remoteInfo = em3anos;
		};
/* End PBXContainerItemProxy section */

/* Begin PBXFileReference section */
		3746A80621304A9F00B07BE2 /* Lancamento.swift */ = {isa = PBXFileReference; lastKnownFileType = sourcecode.swift; path = Lancamento.swift; sourceTree = "<group>"; };
		3746A80821304BBD00B07BE2 /* LancamentoTableViewCell.swift */ = {isa = PBXFileReference; lastKnownFileType = sourcecode.swift; path = LancamentoTableViewCell.swift; sourceTree = "<group>"; };
		37580C03212E02B50012B3F5 /* HomeViewController.swift */ = {isa = PBXFileReference; lastKnownFileType = sourcecode.swift; path = HomeViewController.swift; sourceTree = "<group>"; };
		37580C05212EDDAF0012B3F5 /* ContasPageViewController.swift */ = {isa = PBXFileReference; lastKnownFileType = sourcecode.swift; path = ContasPageViewController.swift; sourceTree = "<group>"; };
		37580C07212F32F40012B3F5 /* CadastrosViewController.swift */ = {isa = PBXFileReference; lastKnownFileType = sourcecode.swift; path = CadastrosViewController.swift; sourceTree = "<group>"; };
		37580C0E212F52790012B3F5 /* LancamentoViewController.swift */ = {isa = PBXFileReference; lastKnownFileType = sourcecode.swift; path = LancamentoViewController.swift; sourceTree = "<group>"; };
		37580C13212F69F10012B3F5 /* em3anos-Bridging-Header.h */ = {isa = PBXFileReference; lastKnownFileType = sourcecode.c.h; path = "em3anos-Bridging-Header.h"; sourceTree = "<group>"; };
		37580C14212F69F10012B3F5 /* iCarousel.m */ = {isa = PBXFileReference; fileEncoding = 4; lastKnownFileType = sourcecode.c.objc; path = iCarousel.m; sourceTree = "<group>"; };
		37580C15212F69F10012B3F5 /* iCarousel.h */ = {isa = PBXFileReference; fileEncoding = 4; lastKnownFileType = sourcecode.c.h; path = iCarousel.h; sourceTree = "<group>"; };
		37580C18212F6A450012B3F5 /* QuartzCore.framework */ = {isa = PBXFileReference; lastKnownFileType = wrapper.framework; name = QuartzCore.framework; path = System/Library/Frameworks/QuartzCore.framework; sourceTree = SDKROOT; };
		3764BFD621406AB500C1B513 /* AnoMes.swift */ = {isa = PBXFileReference; lastKnownFileType = sourcecode.swift; path = AnoMes.swift; sourceTree = "<group>"; };
		3764BFD9214160FF00C1B513 /* CategoriaSelectViewController.swift */ = {isa = PBXFileReference; lastKnownFileType = sourcecode.swift; path = CategoriaSelectViewController.swift; sourceTree = "<group>"; };
		3764BFDB214162DC00C1B513 /* CategoriaService.swift */ = {isa = PBXFileReference; lastKnownFileType = sourcecode.swift; path = CategoriaService.swift; sourceTree = "<group>"; };
		3764BFDD2141660500C1B513 /* CategoriaSelectTableViewCell.swift */ = {isa = PBXFileReference; lastKnownFileType = sourcecode.swift; path = CategoriaSelectTableViewCell.swift; sourceTree = "<group>"; };
		3764BFE121419F8200C1B513 /* ContaSelectTableViewCell.swift */ = {isa = PBXFileReference; lastKnownFileType = sourcecode.swift; path = ContaSelectTableViewCell.swift; sourceTree = "<group>"; };
		3764BFE321419F9200C1B513 /* ContaSelectTableViewController.swift */ = {isa = PBXFileReference; lastKnownFileType = sourcecode.swift; path = ContaSelectTableViewController.swift; sourceTree = "<group>"; };
		3764BFE52141A41900C1B513 /* Conta.swift */ = {isa = PBXFileReference; lastKnownFileType = sourcecode.swift; path = Conta.swift; sourceTree = "<group>"; };
		3764BFE92141AB8B00C1B513 /* ContaService.swift */ = {isa = PBXFileReference; lastKnownFileType = sourcecode.swift; path = ContaService.swift; sourceTree = "<group>"; };
		3783C96F21185FD100F55736 /* em3anos.app */ = {isa = PBXFileReference; explicitFileType = wrapper.application; includeInIndex = 0; path = em3anos.app; sourceTree = BUILT_PRODUCTS_DIR; };
		3783C97221185FD100F55736 /* AppDelegate.swift */ = {isa = PBXFileReference; lastKnownFileType = sourcecode.swift; path = AppDelegate.swift; sourceTree = "<group>"; };
		3783C97421185FD100F55736 /* ViewController.swift */ = {isa = PBXFileReference; lastKnownFileType = sourcecode.swift; path = ViewController.swift; sourceTree = "<group>"; };
		3783C97721185FD100F55736 /* Base */ = {isa = PBXFileReference; lastKnownFileType = file.storyboard; name = Base; path = Base.lproj/Main.storyboard; sourceTree = "<group>"; };
		3783C97921185FD300F55736 /* Assets.xcassets */ = {isa = PBXFileReference; lastKnownFileType = folder.assetcatalog; path = Assets.xcassets; sourceTree = "<group>"; };
		3783C97C21185FD300F55736 /* Base */ = {isa = PBXFileReference; lastKnownFileType = file.storyboard; name = Base; path = Base.lproj/LaunchScreen.storyboard; sourceTree = "<group>"; };
		3783C97E21185FD300F55736 /* Info.plist */ = {isa = PBXFileReference; lastKnownFileType = text.plist.xml; path = Info.plist; sourceTree = "<group>"; };
		3783C98321185FD300F55736 /* em3anosTests.xctest */ = {isa = PBXFileReference; explicitFileType = wrapper.cfbundle; includeInIndex = 0; path = em3anosTests.xctest; sourceTree = BUILT_PRODUCTS_DIR; };
		3783C98721185FD300F55736 /* em3anosTests.swift */ = {isa = PBXFileReference; lastKnownFileType = sourcecode.swift; path = em3anosTests.swift; sourceTree = "<group>"; };
		3783C98921185FD300F55736 /* Info.plist */ = {isa = PBXFileReference; lastKnownFileType = text.plist.xml; path = Info.plist; sourceTree = "<group>"; };
		3783C995211880E100F55736 /* Usuario.swift */ = {isa = PBXFileReference; lastKnownFileType = sourcecode.swift; path = Usuario.swift; sourceTree = "<group>"; };
		3783C99721189DE300F55736 /* SaldoConta.swift */ = {isa = PBXFileReference; lastKnownFileType = sourcecode.swift; path = SaldoConta.swift; sourceTree = "<group>"; };
		3783C9992118C34F00F55736 /* SaldoTableViewCell.swift */ = {isa = PBXFileReference; lastKnownFileType = sourcecode.swift; path = SaldoTableViewCell.swift; sourceTree = "<group>"; };
		3783C99B2118C6A000F55736 /* SaldoContaTableViewController.swift */ = {isa = PBXFileReference; lastKnownFileType = sourcecode.swift; path = SaldoContaTableViewController.swift; sourceTree = "<group>"; };
		37B52510211CD21600F55FDD /* Switcher.swift */ = {isa = PBXFileReference; lastKnownFileType = sourcecode.swift; path = Switcher.swift; sourceTree = "<group>"; };
		37BD974A212C46AC00CF17D0 /* CartaoTableViewController.swift */ = {isa = PBXFileReference; lastKnownFileType = sourcecode.swift; path = CartaoTableViewController.swift; sourceTree = "<group>"; };
		37BD974C212C497600CF17D0 /* CartaoTableViewCell.swift */ = {isa = PBXFileReference; lastKnownFileType = sourcecode.swift; path = CartaoTableViewCell.swift; sourceTree = "<group>"; };
		37BD9752212C5BA600CF17D0 /* CartaoFormViewController.swift */ = {isa = PBXFileReference; lastKnownFileType = sourcecode.swift; path = CartaoFormViewController.swift; sourceTree = "<group>"; };
		37BD975A212D908000CF17D0 /* CurrencyTextField.swift */ = {isa = PBXFileReference; lastKnownFileType = sourcecode.swift; path = CurrencyTextField.swift; sourceTree = "<group>"; };
		37C652A12119CD7800229533 /* logo.png */ = {isa = PBXFileReference; lastKnownFileType = image.png; path = logo.png; sourceTree = "<group>"; };
		37C652A52119E7B000229533 /* ContaTableViewCell.swift */ = {isa = PBXFileReference; lastKnownFileType = sourcecode.swift; path = ContaTableViewCell.swift; sourceTree = "<group>"; };
		37C652A72119E8F900229533 /* ContaTableViewController.swift */ = {isa = PBXFileReference; lastKnownFileType = sourcecode.swift; path = ContaTableViewController.swift; sourceTree = "<group>"; };
		37C652AB211A033F00229533 /* CategoriaTableViewCell.swift */ = {isa = PBXFileReference; lastKnownFileType = sourcecode.swift; path = CategoriaTableViewCell.swift; sourceTree = "<group>"; };
		37C652AD211A035600229533 /* CategoriaTableViewController.swift */ = {isa = PBXFileReference; lastKnownFileType = sourcecode.swift; path = CategoriaTableViewController.swift; sourceTree = "<group>"; };
		37C652AF211A036600229533 /* Categoria.swift */ = {isa = PBXFileReference; lastKnownFileType = sourcecode.swift; path = Categoria.swift; sourceTree = "<group>"; };
		37CE0293211A52A100063EFD /* LoginViewController.swift */ = {isa = PBXFileReference; lastKnownFileType = sourcecode.swift; path = LoginViewController.swift; sourceTree = "<group>"; };
		37DE74A8211DE04100963AE1 /* LogoutViewController.swift */ = {isa = PBXFileReference; lastKnownFileType = sourcecode.swift; path = LogoutViewController.swift; sourceTree = "<group>"; };
		37DE74AF2122191B00963AE1 /* ContaFormViewController.swift */ = {isa = PBXFileReference; lastKnownFileType = sourcecode.swift; path = ContaFormViewController.swift; sourceTree = "<group>"; };
		37E3FD28213D989200251BA9 /* LancamentoValorFormViewController.swift */ = {isa = PBXFileReference; lastKnownFileType = sourcecode.swift; path = LancamentoValorFormViewController.swift; sourceTree = "<group>"; };
		37EDEE9221382353001FAAEB /* SecurityService.swift */ = {isa = PBXFileReference; lastKnownFileType = sourcecode.swift; path = SecurityService.swift; sourceTree = "<group>"; };
		37EDEE942138250A001FAAEB /* HttpService.swift */ = {isa = PBXFileReference; lastKnownFileType = sourcecode.swift; path = HttpService.swift; sourceTree = "<group>"; };
		37EDEE9A213837B0001FAAEB /* HttpDeleteService.swift */ = {isa = PBXFileReference; lastKnownFileType = sourcecode.swift; path = HttpDeleteService.swift; sourceTree = "<group>"; };
		37EDEE9F21383B65001FAAEB /* HttpGetService.swift */ = {isa = PBXFileReference; lastKnownFileType = sourcecode.swift; path = HttpGetService.swift; sourceTree = "<group>"; };
		37EDEEA5213864F9001FAAEB /* LancamentoService.swift */ = {isa = PBXFileReference; lastKnownFileType = sourcecode.swift; path = LancamentoService.swift; sourceTree = "<group>"; };
		37EDEEA9213895C5001FAAEB /* SaldoContaService.swift */ = {isa = PBXFileReference; lastKnownFileType = sourcecode.swift; path = SaldoContaService.swift; sourceTree = "<group>"; };
		37EDEEAB21389727001FAAEB /* PainelSaldoViewController.swift */ = {isa = PBXFileReference; lastKnownFileType = sourcecode.swift; path = PainelSaldoViewController.swift; sourceTree = "<group>"; };
		37F579DD2139A9C400850743 /* OrcamentoService.swift */ = {isa = PBXFileReference; lastKnownFileType = sourcecode.swift; path = OrcamentoService.swift; sourceTree = "<group>"; };
		37F579DF2139A9EF00850743 /* OrcadoReal.swift */ = {isa = PBXFileReference; lastKnownFileType = sourcecode.swift; path = OrcadoReal.swift; sourceTree = "<group>"; };
		37FC191321309AF700209039 /* MonitorOrcamentoViewController.swift */ = {isa = PBXFileReference; lastKnownFileType = sourcecode.swift; path = MonitorOrcamentoViewController.swift; sourceTree = "<group>"; };
		37FC191521309B9B00209039 /* MonitorOrcamentoTableViewCell.swift */ = {isa = PBXFileReference; lastKnownFileType = sourcecode.swift; path = MonitorOrcamentoTableViewCell.swift; sourceTree = "<group>"; };
		37FC19172134A81200209039 /* LancamentoFormViewController.swift */ = {isa = PBXFileReference; lastKnownFileType = sourcecode.swift; path = LancamentoFormViewController.swift; sourceTree = "<group>"; };
		37FC191C2135E4DB00209039 /* HttpPostService.swift */ = {isa = PBXFileReference; lastKnownFileType = sourcecode.swift; path = HttpPostService.swift; sourceTree = "<group>"; };
		37FC191E2135EC1900209039 /* DTO.swift */ = {isa = PBXFileReference; lastKnownFileType = sourcecode.swift; path = DTO.swift; sourceTree = "<group>"; };
/* End PBXFileReference section */

/* Begin PBXFrameworksBuildPhase section */
		3783C96C21185FD100F55736 /* Frameworks */ = {
			isa = PBXFrameworksBuildPhase;
			buildActionMask = 2147483647;
			files = (
				37580C19212F6A450012B3F5 /* QuartzCore.framework in Frameworks */,
			);
			runOnlyForDeploymentPostprocessing = 0;
		};
		3783C98021185FD300F55736 /* Frameworks */ = {
			isa = PBXFrameworksBuildPhase;
			buildActionMask = 2147483647;
			files = (
			);
			runOnlyForDeploymentPostprocessing = 0;
		};
/* End PBXFrameworksBuildPhase section */

/* Begin PBXGroup section */
		37580C0A212F52410012B3F5 /* home */ = {
			isa = PBXGroup;
			children = (
				37580C03212E02B50012B3F5 /* HomeViewController.swift */,
				37580C0D212F525F0012B3F5 /* orcamentos */,
				37580C0C212F52540012B3F5 /* lancamentos */,
				37580C0B212F524C0012B3F5 /* saldos */,
			);
			path = home;
			sourceTree = "<group>";
		};
		37580C0B212F524C0012B3F5 /* saldos */ = {
			isa = PBXGroup;
			children = (
				37EDEEAB21389727001FAAEB /* PainelSaldoViewController.swift */,
			);
			path = saldos;
			sourceTree = "<group>";
		};
		37580C0C212F52540012B3F5 /* lancamentos */ = {
			isa = PBXGroup;
			children = (
				37580C0E212F52790012B3F5 /* LancamentoViewController.swift */,
				3746A80621304A9F00B07BE2 /* Lancamento.swift */,
				3746A80821304BBD00B07BE2 /* LancamentoTableViewCell.swift */,
				37FC19172134A81200209039 /* LancamentoFormViewController.swift */,
				37E3FD28213D989200251BA9 /* LancamentoValorFormViewController.swift */,
			);
			path = lancamentos;
			sourceTree = "<group>";
		};
		37580C0D212F525F0012B3F5 /* orcamentos */ = {
			isa = PBXGroup;
			children = (
				37FC191321309AF700209039 /* MonitorOrcamentoViewController.swift */,
				37FC191521309B9B00209039 /* MonitorOrcamentoTableViewCell.swift */,
				37F579DF2139A9EF00850743 /* OrcadoReal.swift */,
			);
			path = orcamentos;
			sourceTree = "<group>";
		};
		37580C11212F69AD0012B3F5 /* iCarousel */ = {
			isa = PBXGroup;
			children = (
				37580C15212F69F10012B3F5 /* iCarousel.h */,
				37580C14212F69F10012B3F5 /* iCarousel.m */,
				37580C13212F69F10012B3F5 /* em3anos-Bridging-Header.h */,
			);
			path = iCarousel;
			sourceTree = "<group>";
		};
		37580C12212F69C70012B3F5 /* libs */ = {
			isa = PBXGroup;
			children = (
				37580C11212F69AD0012B3F5 /* iCarousel */,
			);
			path = libs;
			sourceTree = "<group>";
		};
		37580C17212F6A450012B3F5 /* Frameworks */ = {
			isa = PBXGroup;
			children = (
				37580C18212F6A450012B3F5 /* QuartzCore.framework */,
			);
			name = Frameworks;
			sourceTree = "<group>";
		};
		3764BFD8214160D100C1B513 /* selectView */ = {
			isa = PBXGroup;
			children = (
				3764BFE021419F5B00C1B513 /* conta */,
				3764BFDF21419F5200C1B513 /* categoria */,
			);
			path = selectView;
			sourceTree = "<group>";
		};
		3764BFDF21419F5200C1B513 /* categoria */ = {
			isa = PBXGroup;
			children = (
				3764BFD9214160FF00C1B513 /* CategoriaSelectViewController.swift */,
				3764BFDD2141660500C1B513 /* CategoriaSelectTableViewCell.swift */,
			);
			path = categoria;
			sourceTree = "<group>";
		};
		3764BFE021419F5B00C1B513 /* conta */ = {
			isa = PBXGroup;
			children = (
				3764BFE321419F9200C1B513 /* ContaSelectTableViewController.swift */,
				3764BFE121419F8200C1B513 /* ContaSelectTableViewCell.swift */,
			);
			path = conta;
			sourceTree = "<group>";
		};
		3783C96621185FD100F55736 = {
			isa = PBXGroup;
			children = (
				3783C97121185FD100F55736 /* em3anos */,
				3783C98621185FD300F55736 /* em3anosTests */,
				3783C97021185FD100F55736 /* Products */,
				37580C17212F6A450012B3F5 /* Frameworks */,
			);
			sourceTree = "<group>";
		};
		3783C97021185FD100F55736 /* Products */ = {
			isa = PBXGroup;
			children = (
				3783C96F21185FD100F55736 /* em3anos.app */,
				3783C98321185FD300F55736 /* em3anosTests.xctest */,
			);
			name = Products;
			sourceTree = "<group>";
		};
		3783C97121185FD100F55736 /* em3anos */ = {
			isa = PBXGroup;
			children = (
				37580C12212F69C70012B3F5 /* libs */,
				37EDEEA321385928001FAAEB /* view */,
				37DE74AE212217D200963AE1 /* resources */,
				37FC191B2135E4BA00209039 /* service */,
				3783C97221185FD100F55736 /* AppDelegate.swift */,
				3783C97621185FD100F55736 /* Main.storyboard */,
				3783C97921185FD300F55736 /* Assets.xcassets */,
				3783C97B21185FD300F55736 /* LaunchScreen.storyboard */,
				3783C97E21185FD300F55736 /* Info.plist */,
				37FC191E2135EC1900209039 /* DTO.swift */,
			);
			path = em3anos;
			sourceTree = "<group>";
		};
		3783C98621185FD300F55736 /* em3anosTests */ = {
			isa = PBXGroup;
			children = (
				3783C98721185FD300F55736 /* em3anosTests.swift */,
				3783C98921185FD300F55736 /* Info.plist */,
			);
			path = em3anosTests;
			sourceTree = "<group>";
		};
		37DE74AA2122173F00963AE1 /* conta */ = {
			isa = PBXGroup;
			children = (
				3764BFE52141A41900C1B513 /* Conta.swift */,
				37580C05212EDDAF0012B3F5 /* ContasPageViewController.swift */,
				37580C07212F32F40012B3F5 /* CadastrosViewController.swift */,
				37C652A52119E7B000229533 /* ContaTableViewCell.swift */,
				37C652A72119E8F900229533 /* ContaTableViewController.swift */,
				37DE74AF2122191B00963AE1 /* ContaFormViewController.swift */,
				37BD974A212C46AC00CF17D0 /* CartaoTableViewController.swift */,
				37BD974C212C497600CF17D0 /* CartaoTableViewCell.swift */,
				37BD9752212C5BA600CF17D0 /* CartaoFormViewController.swift */,
			);
			path = conta;
			sourceTree = "<group>";
		};
		37DE74AB2122175000963AE1 /* categoria */ = {
			isa = PBXGroup;
			children = (
				37C652AB211A033F00229533 /* CategoriaTableViewCell.swift */,
				37C652AD211A035600229533 /* CategoriaTableViewController.swift */,
				37C652AF211A036600229533 /* Categoria.swift */,
			);
			path = categoria;
			sourceTree = "<group>";
		};
		37DE74AC2122175E00963AE1 /* saldo */ = {
			isa = PBXGroup;
			children = (
				3783C99721189DE300F55736 /* SaldoConta.swift */,
				3783C9992118C34F00F55736 /* SaldoTableViewCell.swift */,
				3783C99B2118C6A000F55736 /* SaldoContaTableViewController.swift */,
			);
			path = saldo;
			sourceTree = "<group>";
		};
		37DE74AD2122179F00963AE1 /* security */ = {
			isa = PBXGroup;
			children = (
				37B52510211CD21600F55FDD /* Switcher.swift */,
				37CE0293211A52A100063EFD /* LoginViewController.swift */,
				37DE74A8211DE04100963AE1 /* LogoutViewController.swift */,
				3783C995211880E100F55736 /* Usuario.swift */,
			);
			path = security;
			sourceTree = "<group>";
		};
		37DE74AE212217D200963AE1 /* resources */ = {
			isa = PBXGroup;
			children = (
				37C652A12119CD7800229533 /* logo.png */,
			);
			path = resources;
			sourceTree = "<group>";
		};
		37EDEE9C213837CF001FAAEB /* httpServices */ = {
			isa = PBXGroup;
			children = (
				37EDEE942138250A001FAAEB /* HttpService.swift */,
				37EDEE9A213837B0001FAAEB /* HttpDeleteService.swift */,
				37FC191C2135E4DB00209039 /* HttpPostService.swift */,
				37EDEE9F21383B65001FAAEB /* HttpGetService.swift */,
			);
			path = httpServices;
			sourceTree = "<group>";
		};
		37EDEEA321385928001FAAEB /* view */ = {
			isa = PBXGroup;
			children = (
				3764BFD8214160D100C1B513 /* selectView */,
				37DE74AA2122173F00963AE1 /* conta */,
				37DE74AB2122175000963AE1 /* categoria */,
				37DE74AC2122175E00963AE1 /* saldo */,
				37DE74AD2122179F00963AE1 /* security */,
				37580C0A212F52410012B3F5 /* home */,
				37EDEEA42138593E001FAAEB /* component */,
				3764BFD621406AB500C1B513 /* AnoMes.swift */,
				3783C97421185FD100F55736 /* ViewController.swift */,
			);
			path = view;
			sourceTree = "<group>";
		};
		37EDEEA42138593E001FAAEB /* component */ = {
			isa = PBXGroup;
			children = (
				37BD975A212D908000CF17D0 /* CurrencyTextField.swift */,
			);
			path = component;
			sourceTree = "<group>";
		};
		37FC191B2135E4BA00209039 /* service */ = {
			isa = PBXGroup;
			children = (
				37EDEE9C213837CF001FAAEB /* httpServices */,
				3764BFE92141AB8B00C1B513 /* ContaService.swift */,
				37EDEEA5213864F9001FAAEB /* LancamentoService.swift */,
				37EDEE9221382353001FAAEB /* SecurityService.swift */,
				37EDEEA9213895C5001FAAEB /* SaldoContaService.swift */,
				37F579DD2139A9C400850743 /* OrcamentoService.swift */,
				3764BFDB214162DC00C1B513 /* CategoriaService.swift */,
			);
			path = service;
			sourceTree = "<group>";
		};
/* End PBXGroup section */

/* Begin PBXNativeTarget section */
		3783C96E21185FD100F55736 /* em3anos */ = {
			isa = PBXNativeTarget;
			buildConfigurationList = 3783C98C21185FD300F55736 /* Build configuration list for PBXNativeTarget "em3anos" */;
			buildPhases = (
				3783C96B21185FD100F55736 /* Sources */,
				3783C96C21185FD100F55736 /* Frameworks */,
				3783C96D21185FD100F55736 /* Resources */,
			);
			buildRules = (
			);
			dependencies = (
			);
			name = em3anos;
			productName = em3anos;
			productReference = 3783C96F21185FD100F55736 /* em3anos.app */;
			productType = "com.apple.product-type.application";
		};
		3783C98221185FD300F55736 /* em3anosTests */ = {
			isa = PBXNativeTarget;
			buildConfigurationList = 3783C98F21185FD300F55736 /* Build configuration list for PBXNativeTarget "em3anosTests" */;
			buildPhases = (
				3783C97F21185FD300F55736 /* Sources */,
				3783C98021185FD300F55736 /* Frameworks */,
				3783C98121185FD300F55736 /* Resources */,
			);
			buildRules = (
			);
			dependencies = (
				3783C98521185FD300F55736 /* PBXTargetDependency */,
			);
			name = em3anosTests;
			productName = em3anosTests;
			productReference = 3783C98321185FD300F55736 /* em3anosTests.xctest */;
			productType = "com.apple.product-type.bundle.unit-test";
		};
/* End PBXNativeTarget section */

/* Begin PBXProject section */
		3783C96721185FD100F55736 /* Project object */ = {
			isa = PBXProject;
			attributes = {
				LastSwiftUpdateCheck = 0940;
				LastUpgradeCheck = 0940;
				ORGANIZATIONNAME = "Victor Franca";
				TargetAttributes = {
					3783C96E21185FD100F55736 = {
						CreatedOnToolsVersion = 9.4.1;
						LastSwiftMigration = 0940;
					};
					3783C98221185FD300F55736 = {
						CreatedOnToolsVersion = 9.4.1;
						TestTargetID = 3783C96E21185FD100F55736;
					};
				};
			};
			buildConfigurationList = 3783C96A21185FD100F55736 /* Build configuration list for PBXProject "em3anos" */;
			compatibilityVersion = "Xcode 9.3";
			developmentRegion = en;
			hasScannedForEncodings = 0;
			knownRegions = (
				en,
				Base,
			);
			mainGroup = 3783C96621185FD100F55736;
			productRefGroup = 3783C97021185FD100F55736 /* Products */;
			projectDirPath = "";
			projectRoot = "";
			targets = (
				3783C96E21185FD100F55736 /* em3anos */,
				3783C98221185FD300F55736 /* em3anosTests */,
			);
		};
/* End PBXProject section */

/* Begin PBXResourcesBuildPhase section */
		3783C96D21185FD100F55736 /* Resources */ = {
			isa = PBXResourcesBuildPhase;
			buildActionMask = 2147483647;
			files = (
				3783C97D21185FD300F55736 /* LaunchScreen.storyboard in Resources */,
				37C652A22119CD7800229533 /* logo.png in Resources */,
				3783C97A21185FD300F55736 /* Assets.xcassets in Resources */,
				3783C97821185FD100F55736 /* Main.storyboard in Resources */,
			);
			runOnlyForDeploymentPostprocessing = 0;
		};
		3783C98121185FD300F55736 /* Resources */ = {
			isa = PBXResourcesBuildPhase;
			buildActionMask = 2147483647;
			files = (
			);
			runOnlyForDeploymentPostprocessing = 0;
		};
/* End PBXResourcesBuildPhase section */

/* Begin PBXSourcesBuildPhase section */
		3783C96B21185FD100F55736 /* Sources */ = {
			isa = PBXSourcesBuildPhase;
			buildActionMask = 2147483647;
			files = (
				37E3FD29213D989200251BA9 /* LancamentoValorFormViewController.swift in Sources */,
				3764BFD721406AB500C1B513 /* AnoMes.swift in Sources */,
				3764BFE221419F8200C1B513 /* ContaSelectTableViewCell.swift in Sources */,
				3783C97521185FD100F55736 /* ViewController.swift in Sources */,
				37EDEEAA213895C5001FAAEB /* SaldoContaService.swift in Sources */,
				3783C97321185FD100F55736 /* AppDelegate.swift in Sources */,
				37580C16212F69F10012B3F5 /* iCarousel.m in Sources */,
				3764BFE421419F9200C1B513 /* ContaSelectTableViewController.swift in Sources */,
				37EDEEA6213864F9001FAAEB /* LancamentoService.swift in Sources */,
				3764BFEA2141AB8B00C1B513 /* ContaService.swift in Sources */,
				37EDEEAC21389727001FAAEB /* PainelSaldoViewController.swift in Sources */,
				3746A80921304BBD00B07BE2 /* LancamentoTableViewCell.swift in Sources */,
				37C652A82119E8F900229533 /* ContaTableViewController.swift in Sources */,
				3764BFE62141A41900C1B513 /* Conta.swift in Sources */,
				37EDEE9321382353001FAAEB /* SecurityService.swift in Sources */,
				37DE74A9211DE04100963AE1 /* LogoutViewController.swift in Sources */,
				3764BFDA214160FF00C1B513 /* CategoriaSelectViewController.swift in Sources */,
				37EDEE9B213837B0001FAAEB /* HttpDeleteService.swift in Sources */,
				3764BFDE2141660500C1B513 /* CategoriaSelectTableViewCell.swift in Sources */,
				37FC191D2135E4DB00209039 /* HttpPostService.swift in Sources */,
				37EDEE952138250A001FAAEB /* HttpService.swift in Sources */,
				37580C04212E02B50012B3F5 /* HomeViewController.swift in Sources */,
				37B52511211CD21600F55FDD /* Switcher.swift in Sources */,
				37C652A62119E7B000229533 /* ContaTableViewCell.swift in Sources */,
				37580C08212F32F40012B3F5 /* CadastrosViewController.swift in Sources */,
				37BD974D212C497600CF17D0 /* CartaoTableViewCell.swift in Sources */,
				37EDEEA021383B65001FAAEB /* HttpGetService.swift in Sources */,
				37F579E02139A9EF00850743 /* OrcadoReal.swift in Sources */,
				3746A80721304A9F00B07BE2 /* Lancamento.swift in Sources */,
				37C652B0211A036600229533 /* Categoria.swift in Sources */,
				37C652AC211A033F00229533 /* CategoriaTableViewCell.swift in Sources */,
				37F579DE2139A9C400850743 /* OrcamentoService.swift in Sources */,
				37580C06212EDDAF0012B3F5 /* ContasPageViewController.swift in Sources */,
				3783C996211880E100F55736 /* Usuario.swift in Sources */,
				3764BFDC214162DC00C1B513 /* CategoriaService.swift in Sources */,
				37580C0F212F52790012B3F5 /* LancamentoViewController.swift in Sources */,
				37BD9753212C5BA600CF17D0 /* CartaoFormViewController.swift in Sources */,
				3783C99821189DE300F55736 /* SaldoConta.swift in Sources */,
				37DE74B02122191B00963AE1 /* ContaFormViewController.swift in Sources */,
				37BD975B212D908000CF17D0 /* CurrencyTextField.swift in Sources */,
				37BD974B212C46AC00CF17D0 /* CartaoTableViewController.swift in Sources */,
				3783C99A2118C34F00F55736 /* SaldoTableViewCell.swift in Sources */,
				37FC19182134A81200209039 /* LancamentoFormViewController.swift in Sources */,
				37FC191421309AF700209039 /* MonitorOrcamentoViewController.swift in Sources */,
				37FC191F2135EC1900209039 /* DTO.swift in Sources */,
				37C652AE211A035600229533 /* CategoriaTableViewController.swift in Sources */,
				37FC191621309B9B00209039 /* MonitorOrcamentoTableViewCell.swift in Sources */,
				37CE0294211A52A100063EFD /* LoginViewController.swift in Sources */,
				3783C99C2118C6A000F55736 /* SaldoContaTableViewController.swift in Sources */,
			);
			runOnlyForDeploymentPostprocessing = 0;
		};
		3783C97F21185FD300F55736 /* Sources */ = {
			isa = PBXSourcesBuildPhase;
			buildActionMask = 2147483647;
			files = (
				3783C98821185FD300F55736 /* em3anosTests.swift in Sources */,
			);
			runOnlyForDeploymentPostprocessing = 0;
		};
/* End PBXSourcesBuildPhase section */

/* Begin PBXTargetDependency section */
		3783C98521185FD300F55736 /* PBXTargetDependency */ = {
			isa = PBXTargetDependency;
			target = 3783C96E21185FD100F55736 /* em3anos */;
			targetProxy = 3783C98421185FD300F55736 /* PBXContainerItemProxy */;
		};
/* End PBXTargetDependency section */

/* Begin PBXVariantGroup section */
		3783C97621185FD100F55736 /* Main.storyboard */ = {
			isa = PBXVariantGroup;
			children = (
				3783C97721185FD100F55736 /* Base */,
			);
			name = Main.storyboard;
			sourceTree = "<group>";
		};
		3783C97B21185FD300F55736 /* LaunchScreen.storyboard */ = {
			isa = PBXVariantGroup;
			children = (
				3783C97C21185FD300F55736 /* Base */,
			);
			name = LaunchScreen.storyboard;
			sourceTree = "<group>";
		};
/* End PBXVariantGroup section */

/* Begin XCBuildConfiguration section */
		3783C98A21185FD300F55736 /* Debug */ = {
			isa = XCBuildConfiguration;
			buildSettings = {
				ALWAYS_SEARCH_USER_PATHS = NO;
				CLANG_ANALYZER_NONNULL = YES;
				CLANG_ANALYZER_NUMBER_OBJECT_CONVERSION = YES_AGGRESSIVE;
				CLANG_CXX_LANGUAGE_STANDARD = "gnu++14";
				CLANG_CXX_LIBRARY = "libc++";
				CLANG_ENABLE_MODULES = YES;
				CLANG_ENABLE_OBJC_ARC = YES;
				CLANG_ENABLE_OBJC_WEAK = YES;
				CLANG_WARN_BLOCK_CAPTURE_AUTORELEASING = YES;
				CLANG_WARN_BOOL_CONVERSION = YES;
				CLANG_WARN_COMMA = YES;
				CLANG_WARN_CONSTANT_CONVERSION = YES;
				CLANG_WARN_DEPRECATED_OBJC_IMPLEMENTATIONS = YES;
				CLANG_WARN_DIRECT_OBJC_ISA_USAGE = YES_ERROR;
				CLANG_WARN_DOCUMENTATION_COMMENTS = YES;
				CLANG_WARN_EMPTY_BODY = YES;
				CLANG_WARN_ENUM_CONVERSION = YES;
				CLANG_WARN_INFINITE_RECURSION = YES;
				CLANG_WARN_INT_CONVERSION = YES;
				CLANG_WARN_NON_LITERAL_NULL_CONVERSION = YES;
				CLANG_WARN_OBJC_IMPLICIT_RETAIN_SELF = YES;
				CLANG_WARN_OBJC_LITERAL_CONVERSION = YES;
				CLANG_WARN_OBJC_ROOT_CLASS = YES_ERROR;
				CLANG_WARN_RANGE_LOOP_ANALYSIS = YES;
				CLANG_WARN_STRICT_PROTOTYPES = YES;
				CLANG_WARN_SUSPICIOUS_MOVE = YES;
				CLANG_WARN_UNGUARDED_AVAILABILITY = YES_AGGRESSIVE;
				CLANG_WARN_UNREACHABLE_CODE = YES;
				CLANG_WARN__DUPLICATE_METHOD_MATCH = YES;
				CODE_SIGN_IDENTITY = "iPhone Developer";
				COPY_PHASE_STRIP = NO;
				DEBUG_INFORMATION_FORMAT = dwarf;
				ENABLE_STRICT_OBJC_MSGSEND = YES;
				ENABLE_TESTABILITY = YES;
				GCC_C_LANGUAGE_STANDARD = gnu11;
				GCC_DYNAMIC_NO_PIC = NO;
				GCC_NO_COMMON_BLOCKS = YES;
				GCC_OPTIMIZATION_LEVEL = 0;
				GCC_PREPROCESSOR_DEFINITIONS = (
					"DEBUG=1",
					"$(inherited)",
				);
				GCC_WARN_64_TO_32_BIT_CONVERSION = YES;
				GCC_WARN_ABOUT_RETURN_TYPE = YES_ERROR;
				GCC_WARN_UNDECLARED_SELECTOR = YES;
				GCC_WARN_UNINITIALIZED_AUTOS = YES_AGGRESSIVE;
				GCC_WARN_UNUSED_FUNCTION = YES;
				GCC_WARN_UNUSED_VARIABLE = YES;
				IPHONEOS_DEPLOYMENT_TARGET = 11.4;
				MTL_ENABLE_DEBUG_INFO = YES;
				ONLY_ACTIVE_ARCH = YES;
				SDKROOT = iphoneos;
				SWIFT_ACTIVE_COMPILATION_CONDITIONS = DEBUG;
				SWIFT_OPTIMIZATION_LEVEL = "-Onone";
			};
			name = Debug;
		};
		3783C98B21185FD300F55736 /* Release */ = {
			isa = XCBuildConfiguration;
			buildSettings = {
				ALWAYS_SEARCH_USER_PATHS = NO;
				CLANG_ANALYZER_NONNULL = YES;
				CLANG_ANALYZER_NUMBER_OBJECT_CONVERSION = YES_AGGRESSIVE;
				CLANG_CXX_LANGUAGE_STANDARD = "gnu++14";
				CLANG_CXX_LIBRARY = "libc++";
				CLANG_ENABLE_MODULES = YES;
				CLANG_ENABLE_OBJC_ARC = YES;
				CLANG_ENABLE_OBJC_WEAK = YES;
				CLANG_WARN_BLOCK_CAPTURE_AUTORELEASING = YES;
				CLANG_WARN_BOOL_CONVERSION = YES;
				CLANG_WARN_COMMA = YES;
				CLANG_WARN_CONSTANT_CONVERSION = YES;
				CLANG_WARN_DEPRECATED_OBJC_IMPLEMENTATIONS = YES;
				CLANG_WARN_DIRECT_OBJC_ISA_USAGE = YES_ERROR;
				CLANG_WARN_DOCUMENTATION_COMMENTS = YES;
				CLANG_WARN_EMPTY_BODY = YES;
				CLANG_WARN_ENUM_CONVERSION = YES;
				CLANG_WARN_INFINITE_RECURSION = YES;
				CLANG_WARN_INT_CONVERSION = YES;
				CLANG_WARN_NON_LITERAL_NULL_CONVERSION = YES;
				CLANG_WARN_OBJC_IMPLICIT_RETAIN_SELF = YES;
				CLANG_WARN_OBJC_LITERAL_CONVERSION = YES;
				CLANG_WARN_OBJC_ROOT_CLASS = YES_ERROR;
				CLANG_WARN_RANGE_LOOP_ANALYSIS = YES;
				CLANG_WARN_STRICT_PROTOTYPES = YES;
				CLANG_WARN_SUSPICIOUS_MOVE = YES;
				CLANG_WARN_UNGUARDED_AVAILABILITY = YES_AGGRESSIVE;
				CLANG_WARN_UNREACHABLE_CODE = YES;
				CLANG_WARN__DUPLICATE_METHOD_MATCH = YES;
				CODE_SIGN_IDENTITY = "iPhone Developer";
				COPY_PHASE_STRIP = NO;
				DEBUG_INFORMATION_FORMAT = "dwarf-with-dsym";
				ENABLE_NS_ASSERTIONS = NO;
				ENABLE_STRICT_OBJC_MSGSEND = YES;
				GCC_C_LANGUAGE_STANDARD = gnu11;
				GCC_NO_COMMON_BLOCKS = YES;
				GCC_WARN_64_TO_32_BIT_CONVERSION = YES;
				GCC_WARN_ABOUT_RETURN_TYPE = YES_ERROR;
				GCC_WARN_UNDECLARED_SELECTOR = YES;
				GCC_WARN_UNINITIALIZED_AUTOS = YES_AGGRESSIVE;
				GCC_WARN_UNUSED_FUNCTION = YES;
				GCC_WARN_UNUSED_VARIABLE = YES;
				IPHONEOS_DEPLOYMENT_TARGET = 11.4;
				MTL_ENABLE_DEBUG_INFO = NO;
				SDKROOT = iphoneos;
				SWIFT_COMPILATION_MODE = wholemodule;
				SWIFT_OPTIMIZATION_LEVEL = "-O";
				VALIDATE_PRODUCT = YES;
			};
			name = Release;
		};
		3783C98D21185FD300F55736 /* Debug */ = {
			isa = XCBuildConfiguration;
			buildSettings = {
				ASSETCATALOG_COMPILER_APPICON_NAME = AppIcon;
				CLANG_ENABLE_MODULES = YES;
				CODE_SIGN_STYLE = Automatic;
				DEVELOPMENT_TEAM = QS7B2PB87A;
				INFOPLIST_FILE = em3anos/Info.plist;
				LD_RUNPATH_SEARCH_PATHS = (
					"$(inherited)",
					"@executable_path/Frameworks",
				);
				PRODUCT_BUNDLE_IDENTIFIER = br.com.vhpf.em3anos;
				PRODUCT_NAME = "$(TARGET_NAME)";
				SWIFT_OBJC_BRIDGING_HEADER = "em3anos/libs/iCarousel/em3anos-Bridging-Header.h";
				SWIFT_OPTIMIZATION_LEVEL = "-Onone";
				SWIFT_VERSION = 4.0;
				TARGETED_DEVICE_FAMILY = "1,2";
			};
			name = Debug;
		};
		3783C98E21185FD300F55736 /* Release */ = {
			isa = XCBuildConfiguration;
			buildSettings = {
				ASSETCATALOG_COMPILER_APPICON_NAME = AppIcon;
				CLANG_ENABLE_MODULES = YES;
				CODE_SIGN_STYLE = Automatic;
				DEVELOPMENT_TEAM = QS7B2PB87A;
				INFOPLIST_FILE = em3anos/Info.plist;
				LD_RUNPATH_SEARCH_PATHS = (
					"$(inherited)",
					"@executable_path/Frameworks",
				);
				PRODUCT_BUNDLE_IDENTIFIER = br.com.vhpf.em3anos;
				PRODUCT_NAME = "$(TARGET_NAME)";
				SWIFT_OBJC_BRIDGING_HEADER = "em3anos/libs/iCarousel/em3anos-Bridging-Header.h";
				SWIFT_VERSION = 4.0;
				TARGETED_DEVICE_FAMILY = "1,2";
			};
			name = Release;
		};
		3783C99021185FD300F55736 /* Debug */ = {
			isa = XCBuildConfiguration;
			buildSettings = {
				ALWAYS_EMBED_SWIFT_STANDARD_LIBRARIES = YES;
				BUNDLE_LOADER = "$(TEST_HOST)";
				CODE_SIGN_STYLE = Automatic;
				DEVELOPMENT_TEAM = QS7B2PB87A;
				INFOPLIST_FILE = em3anosTests/Info.plist;
				LD_RUNPATH_SEARCH_PATHS = (
					"$(inherited)",
					"@executable_path/Frameworks",
					"@loader_path/Frameworks",
				);
				PRODUCT_BUNDLE_IDENTIFIER = br.com.vhpf.em3anosTests;
				PRODUCT_NAME = "$(TARGET_NAME)";
				SWIFT_VERSION = 4.0;
				TARGETED_DEVICE_FAMILY = "1,2";
				TEST_HOST = "$(BUILT_PRODUCTS_DIR)/em3anos.app/em3anos";
			};
			name = Debug;
		};
		3783C99121185FD300F55736 /* Release */ = {
			isa = XCBuildConfiguration;
			buildSettings = {
				ALWAYS_EMBED_SWIFT_STANDARD_LIBRARIES = YES;
				BUNDLE_LOADER = "$(TEST_HOST)";
				CODE_SIGN_STYLE = Automatic;
				DEVELOPMENT_TEAM = QS7B2PB87A;
				INFOPLIST_FILE = em3anosTests/Info.plist;
				LD_RUNPATH_SEARCH_PATHS = (
					"$(inherited)",
					"@executable_path/Frameworks",
					"@loader_path/Frameworks",
				);
				PRODUCT_BUNDLE_IDENTIFIER = br.com.vhpf.em3anosTests;
				PRODUCT_NAME = "$(TARGET_NAME)";
				SWIFT_VERSION = 4.0;
				TARGETED_DEVICE_FAMILY = "1,2";
				TEST_HOST = "$(BUILT_PRODUCTS_DIR)/em3anos.app/em3anos";
			};
			name = Release;
		};
/* End XCBuildConfiguration section */

/* Begin XCConfigurationList section */
		3783C96A21185FD100F55736 /* Build configuration list for PBXProject "em3anos" */ = {
			isa = XCConfigurationList;
			buildConfigurations = (
				3783C98A21185FD300F55736 /* Debug */,
				3783C98B21185FD300F55736 /* Release */,
			);
			defaultConfigurationIsVisible = 0;
			defaultConfigurationName = Release;
		};
		3783C98C21185FD300F55736 /* Build configuration list for PBXNativeTarget "em3anos" */ = {
			isa = XCConfigurationList;
			buildConfigurations = (
				3783C98D21185FD300F55736 /* Debug */,
				3783C98E21185FD300F55736 /* Release */,
			);
			defaultConfigurationIsVisible = 0;
			defaultConfigurationName = Release;
		};
		3783C98F21185FD300F55736 /* Build configuration list for PBXNativeTarget "em3anosTests" */ = {
			isa = XCConfigurationList;
			buildConfigurations = (
				3783C99021185FD300F55736 /* Debug */,
				3783C99121185FD300F55736 /* Release */,
			);
			defaultConfigurationIsVisible = 0;
			defaultConfigurationName = Release;
		};
/* End XCConfigurationList section */
	};
	rootObject = 3783C96721185FD100F55736 /* Project object */;
}
